
Microsoft Visual Studio Solution File, Format Version 12.00
# Visual Studio Version 17
VisualStudioVersion = 17.9.34728.123
MinimumVisualStudioVersion = 10.0.40219.1
Project("{FAE04EC0-301F-11D3-BF4B-00C04F79EFBC}") = "interview", "interview\interview.csproj", "{4A209A7B-6079-4FCE-9AEB-F4D51A050245}"
EndProject
Global
	GlobalSection(SolutionConfigurationPlatforms) = preSolution
		Debug|Any CPU = Debug|Any CPU
		Release|Any CPU = Release|Any CPU
	EndGlobalSection
	GlobalSection(ProjectConfigurationPlatforms) = postSolution
		{4A209A7B-6079-4FCE-9AEB-F4D51A050245}.Debug|Any CPU.ActiveCfg = Debug|Any CPU
		{4A209A7B-6079-4FCE-9AEB-F4D51A050245}.Debug|Any CPU.Build.0 = Debug|Any CPU
		{4A209A7B-6079-4FCE-9AEB-F4D51A050245}.Release|Any CPU.ActiveCfg = Release|Any CPU
		{4A209A7B-6079-4FCE-9AEB-F4D51A050245}.Release|Any CPU.Build.0 = Release|Any CPU
	EndGlobalSection
	GlobalSection(SolutionProperties) = preSolution
		HideSolutionNode = FALSE
	EndGlobalSection
	GlobalSection(ExtensibilityGlobals) = postSolution
		SolutionGuid = {BA419A95-89FE-4B17-A0A1-EBF3FC02A7A9}
	EndGlobalSection
EndGlobal
